
Microsoft Visual Studio Solution File, Format Version 12.00
# Visual Studio Version 17
VisualStudioVersion = 17.3.32929.385
MinimumVisualStudioVersion = 10.0.40219.1
Project("{9A19103F-16F7-4668-BE54-9A1E7A4F7556}") = "ArchiLog", "ArchiLog\ArchiLog.csproj", "{07D47323-1A91-4EF3-9C05-6B99293BAFF4}"
EndProject
Project("{9A19103F-16F7-4668-BE54-9A1E7A4F7556}") = "ArchiLibrary", "ArchiLibrary\ArchiLibrary.csproj", "{4A06041F-C728-4C3E-ABBA-6774CE283E21}"
EndProject
Project("{FAE04EC0-301F-11D3-BF4B-00C04F79EFBC}") = "ArchiLibraryTest", "ArchiLibraryTest\ArchiLibraryTest.csproj", "{356ED3B8-AF2A-4548-A3FA-D755110CFBEC}"
EndProject
Project("{FAE04EC0-301F-11D3-BF4B-00C04F79EFBC}") = "ArchiLogTest", "ArchiLogTest\ArchiLogTest.csproj", "{9019B214-7151-4AC1-9315-197401617106}"
EndProject
Global
	GlobalSection(SolutionConfigurationPlatforms) = preSolution
		Debug|Any CPU = Debug|Any CPU
		Release|Any CPU = Release|Any CPU
	EndGlobalSection
	GlobalSection(ProjectConfigurationPlatforms) = postSolution
		{07D47323-1A91-4EF3-9C05-6B99293BAFF4}.Debug|Any CPU.ActiveCfg = Debug|Any CPU
		{07D47323-1A91-4EF3-9C05-6B99293BAFF4}.Debug|Any CPU.Build.0 = Debug|Any CPU
		{07D47323-1A91-4EF3-9C05-6B99293BAFF4}.Release|Any CPU.ActiveCfg = Release|Any CPU
		{07D47323-1A91-4EF3-9C05-6B99293BAFF4}.Release|Any CPU.Build.0 = Release|Any CPU
		{4A06041F-C728-4C3E-ABBA-6774CE283E21}.Debug|Any CPU.ActiveCfg = Debug|Any CPU
		{4A06041F-C728-4C3E-ABBA-6774CE283E21}.Debug|Any CPU.Build.0 = Debug|Any CPU
		{4A06041F-C728-4C3E-ABBA-6774CE283E21}.Release|Any CPU.ActiveCfg = Release|Any CPU
		{4A06041F-C728-4C3E-ABBA-6774CE283E21}.Release|Any CPU.Build.0 = Release|Any CPU
		{356ED3B8-AF2A-4548-A3FA-D755110CFBEC}.Debug|Any CPU.ActiveCfg = Debug|Any CPU
		{356ED3B8-AF2A-4548-A3FA-D755110CFBEC}.Debug|Any CPU.Build.0 = Debug|Any CPU
		{356ED3B8-AF2A-4548-A3FA-D755110CFBEC}.Release|Any CPU.ActiveCfg = Release|Any CPU
		{356ED3B8-AF2A-4548-A3FA-D755110CFBEC}.Release|Any CPU.Build.0 = Release|Any CPU
		{9019B214-7151-4AC1-9315-197401617106}.Debug|Any CPU.ActiveCfg = Debug|Any CPU
		{9019B214-7151-4AC1-9315-197401617106}.Debug|Any CPU.Build.0 = Debug|Any CPU
		{9019B214-7151-4AC1-9315-197401617106}.Release|Any CPU.ActiveCfg = Release|Any CPU
		{9019B214-7151-4AC1-9315-197401617106}.Release|Any CPU.Build.0 = Release|Any CPU
	EndGlobalSection
	GlobalSection(SolutionProperties) = preSolution
		HideSolutionNode = FALSE
	EndGlobalSection
	GlobalSection(ExtensibilityGlobals) = postSolution
		SolutionGuid = {CF145315-7461-4E1C-8779-2314B5F2351B}
	EndGlobalSection
EndGlobal
